// !$*UTF8*$!
{
	archiveVersion = 1;
	classes = {
	};
	objectVersion = 46;
	objects = {

/* Begin PBXBuildFile section */
		060BC02FC91CD6CE2E53E35D /* libPods.a in Frameworks */ = {isa = PBXBuildFile; fileRef = 0B02A7DDEFC149BA4FDFD553 /* libPods.a */; };
		45141DD51B5D3A8600706082 /* homeBg8.png in Resources */ = {isa = PBXBuildFile; fileRef = 45141DD41B5D3A8600706082 /* homeBg8.png */; };
		451564B71B62D917005A2871 /* watermark.png in Resources */ = {isa = PBXBuildFile; fileRef = 451564B61B62D917005A2871 /* watermark.png */; };
		451564BA1B64027C005A2871 /* UINavigationBarBackIndicatorDefault.png in Resources */ = {isa = PBXBuildFile; fileRef = 451564B81B64027C005A2871 /* UINavigationBarBackIndicatorDefault.png */; };
		451564BB1B64027C005A2871 /* UINavigationBarBackIndicatorDefault@2x.png in Resources */ = {isa = PBXBuildFile; fileRef = 451564B91B64027C005A2871 /* UINavigationBarBackIndicatorDefault@2x.png */; };
		451564C51B64276D005A2871 /* DataStore.m in Sources */ = {isa = PBXBuildFile; fileRef = 451564C41B64276D005A2871 /* DataStore.m */; };
		451564CB1B65CC31005A2871 /* instagramLogo.png in Resources */ = {isa = PBXBuildFile; fileRef = 451564CA1B65CC31005A2871 /* instagramLogo.png */; };
		451564CE1B65D1B4005A2871 /* insta.png in Resources */ = {isa = PBXBuildFile; fileRef = 451564CC1B65D1B4005A2871 /* insta.png */; };
		451564CF1B65D1B4005A2871 /* insta@2x.png in Resources */ = {isa = PBXBuildFile; fileRef = 451564CD1B65D1B4005A2871 /* insta@2x.png */; };
		451564E81B666356005A2871 /* Default-Landscape@2x~ipad.png in Resources */ = {isa = PBXBuildFile; fileRef = 451564DF1B666356005A2871 /* Default-Landscape@2x~ipad.png */; };
		451564E91B666356005A2871 /* Default-Landscape~ipad.png in Resources */ = {isa = PBXBuildFile; fileRef = 451564E01B666356005A2871 /* Default-Landscape~ipad.png */; };
		451564EA1B666356005A2871 /* Default-Portrait@2x~ipad.png in Resources */ = {isa = PBXBuildFile; fileRef = 451564E11B666356005A2871 /* Default-Portrait@2x~ipad.png */; };
		451564ED1B666356005A2871 /* Default-portrait@2x~iphone6.png in Resources */ = {isa = PBXBuildFile; fileRef = 451564E41B666356005A2871 /* Default-portrait@2x~iphone6.png */; };
		451564EE1B666356005A2871 /* Default-portrait@3x~iphone6+.png in Resources */ = {isa = PBXBuildFile; fileRef = 451564E51B666356005A2871 /* Default-portrait@3x~iphone6+.png */; };
		451564EF1B666356005A2871 /* Default-Portrait~ipad.png in Resources */ = {isa = PBXBuildFile; fileRef = 451564E61B666356005A2871 /* Default-Portrait~ipad.png */; };
		451564F01B666356005A2871 /* Default-portrait~iphone.png in Resources */ = {isa = PBXBuildFile; fileRef = 451564E71B666356005A2871 /* Default-portrait~iphone.png */; };
		451564F41B6664BC005A2871 /* Default-Portrait~ipad-nostatusbar.png in Resources */ = {isa = PBXBuildFile; fileRef = 451564F31B6664BC005A2871 /* Default-Portrait~ipad-nostatusbar.png */; };
		451564F61B666508005A2871 /* Default-Portrait@2x~ipad-nostatusbar.png in Resources */ = {isa = PBXBuildFile; fileRef = 451564F51B666508005A2871 /* Default-Portrait@2x~ipad-nostatusbar.png */; };
		451564F81B66653C005A2871 /* Default-Landscape~ipad-nostatusbar.png in Resources */ = {isa = PBXBuildFile; fileRef = 451564F71B66653C005A2871 /* Default-Landscape~ipad-nostatusbar.png */; };
		451564FA1B666587005A2871 /* Default-Landscape@2x~ipad-nostatusbar.png in Resources */ = {isa = PBXBuildFile; fileRef = 451564F91B666587005A2871 /* Default-Landscape@2x~ipad-nostatusbar.png */; };
		451565051B66DA5A005A2871 /* Default-568h@2x.png in Resources */ = {isa = PBXBuildFile; fileRef = 451565031B66DA5A005A2871 /* Default-568h@2x.png */; };
		451565061B66DA5A005A2871 /* Default@2x.png in Resources */ = {isa = PBXBuildFile; fileRef = 451565041B66DA5A005A2871 /* Default@2x.png */; };
		454C51D31B5C692400D6680A /* LobsterTwo-Bold.ttf in Resources */ = {isa = PBXBuildFile; fileRef = 454C51D01B5C692400D6680A /* LobsterTwo-Bold.ttf */; };
		454C51D41B5C692400D6680A /* LobsterTwo-BoldItalic.ttf in Resources */ = {isa = PBXBuildFile; fileRef = 454C51D11B5C692400D6680A /* LobsterTwo-BoldItalic.ttf */; };
		454C51D51B5C692400D6680A /* LobsterTwo-Regular.ttf in Resources */ = {isa = PBXBuildFile; fileRef = 454C51D21B5C692400D6680A /* LobsterTwo-Regular.ttf */; };
		454C51D71B5C72FD00D6680A /* lightBg.png in Resources */ = {isa = PBXBuildFile; fileRef = 454C51D61B5C72FD00D6680A /* lightBg.png */; };
		454C51D91B5C73D500D6680A /* insecurityLogo.png in Resources */ = {isa = PBXBuildFile; fileRef = 454C51D81B5C73D500D6680A /* insecurityLogo.png */; };
		457018DF1B602D1A000A051D /* Icon-60.png in Resources */ = {isa = PBXBuildFile; fileRef = 457018CD1B602D1A000A051D /* Icon-60.png */; };
		457018E01B602D1A000A051D /* Icon-60@2x.png in Resources */ = {isa = PBXBuildFile; fileRef = 457018CE1B602D1A000A051D /* Icon-60@2x.png */; };
		457018E11B602D1A000A051D /* Icon-60@3x.png in Resources */ = {isa = PBXBuildFile; fileRef = 457018CF1B602D1A000A051D /* Icon-60@3x.png */; };
		457018E21B602D1A000A051D /* Icon-72.png in Resources */ = {isa = PBXBuildFile; fileRef = 457018D01B602D1A000A051D /* Icon-72.png */; };
		457018E31B602D1A000A051D /* Icon-72@2x.png in Resources */ = {isa = PBXBuildFile; fileRef = 457018D11B602D1A000A051D /* Icon-72@2x.png */; };
		457018E41B602D1A000A051D /* Icon-76.png in Resources */ = {isa = PBXBuildFile; fileRef = 457018D21B602D1A000A051D /* Icon-76.png */; };
		457018E51B602D1A000A051D /* Icon-76@2x.png in Resources */ = {isa = PBXBuildFile; fileRef = 457018D31B602D1A000A051D /* Icon-76@2x.png */; };
		457018E61B602D1A000A051D /* Icon-Small-40.png in Resources */ = {isa = PBXBuildFile; fileRef = 457018D41B602D1A000A051D /* Icon-Small-40.png */; };
		457018E71B602D1A000A051D /* Icon-Small-40@2x.png in Resources */ = {isa = PBXBuildFile; fileRef = 457018D51B602D1A000A051D /* Icon-Small-40@2x.png */; };
		457018E81B602D1A000A051D /* Icon-Small-40@3x.png in Resources */ = {isa = PBXBuildFile; fileRef = 457018D61B602D1A000A051D /* Icon-Small-40@3x.png */; };
		457018E91B602D1A000A051D /* Icon-Small-50.png in Resources */ = {isa = PBXBuildFile; fileRef = 457018D71B602D1A000A051D /* Icon-Small-50.png */; };
		457018EA1B602D1A000A051D /* Icon-Small-50@2x.png in Resources */ = {isa = PBXBuildFile; fileRef = 457018D81B602D1A000A051D /* Icon-Small-50@2x.png */; };
		457018EB1B602D1A000A051D /* Icon-Small.png in Resources */ = {isa = PBXBuildFile; fileRef = 457018D91B602D1A000A051D /* Icon-Small.png */; };
		457018EC1B602D1A000A051D /* Icon-Small@2x.png in Resources */ = {isa = PBXBuildFile; fileRef = 457018DA1B602D1A000A051D /* Icon-Small@2x.png */; };
		457018ED1B602D1A000A051D /* Icon-Small@3x.png in Resources */ = {isa = PBXBuildFile; fileRef = 457018DB1B602D1A000A051D /* Icon-Small@3x.png */; };
		457018EE1B602D1A000A051D /* Icon.png in Resources */ = {isa = PBXBuildFile; fileRef = 457018DC1B602D1A000A051D /* Icon.png */; };
		457018EF1B602D1A000A051D /* Icon@2x.png in Resources */ = {isa = PBXBuildFile; fileRef = 457018DD1B602D1A000A051D /* Icon@2x.png */; };
		457018F01B602D1A000A051D /* iTunesArtwork@2x.png in Resources */ = {isa = PBXBuildFile; fileRef = 457018DE1B602D1A000A051D /* iTunesArtwork@2x.png */; };
		4570192F1B607B98000A051D /* UpgradeViewController.m in Sources */ = {isa = PBXBuildFile; fileRef = 4570192E1B607B98000A051D /* UpgradeViewController.m */; };
		45931ABA1BCD1E4A0033E84E /* Chartboost.framework in Frameworks */ = {isa = PBXBuildFile; fileRef = 45931AB91BCD1E4A0033E84E /* Chartboost.framework */; settings = {ASSET_TAGS = (); }; };
		45931ABC1BCD1E940033E84E /* Foundation.framework in Frameworks */ = {isa = PBXBuildFile; fileRef = 45931ABB1BCD1E940033E84E /* Foundation.framework */; };
		45931ABE1BCD1E9C0033E84E /* UIKit.framework in Frameworks */ = {isa = PBXBuildFile; fileRef = 45931ABD1BCD1E9C0033E84E /* UIKit.framework */; };
		4593838E1B58517400C6848B /* libPods-MBProgressHUD.a in Frameworks */ = {isa = PBXBuildFile; fileRef = 4593838D1B58517400C6848B /* libPods-MBProgressHUD.a */; };
		459383921B58539400C6848B /* Social.framework in Frameworks */ = {isa = PBXBuildFile; fileRef = 459383911B58539400C6848B /* Social.framework */; };
		459383941B58539A00C6848B /* Accounts.framework in Frameworks */ = {isa = PBXBuildFile; fileRef = 459383931B58539A00C6848B /* Accounts.framework */; };
		459383981B5854BF00C6848B /* ParseFacebookUtilsV4.framework in Frameworks */ = {isa = PBXBuildFile; fileRef = 459383971B5854BF00C6848B /* ParseFacebookUtilsV4.framework */; };
		4593848A1B5857D200C6848B /* FacebookSDKStrings.bundle in Resources */ = {isa = PBXBuildFile; fileRef = 4593839B1B5857D100C6848B /* FacebookSDKStrings.bundle */; };
		4593848B1B5857D200C6848B /* FBAudienceNetwork.framework in Frameworks */ = {isa = PBXBuildFile; fileRef = 4593839C1B5857D100C6848B /* FBAudienceNetwork.framework */; };
		4593848C1B5857D200C6848B /* FBAudienceNetwork.README.txt in Resources */ = {isa = PBXBuildFile; fileRef = 4593839D1B5857D100C6848B /* FBAudienceNetwork.README.txt */; };
		4593848D1B5857D200C6848B /* FBSDKCoreKit.framework in Frameworks */ = {isa = PBXBuildFile; fileRef = 4593839E1B5857D100C6848B /* FBSDKCoreKit.framework */; };
		4593848E1B5857D200C6848B /* FBSDKLoginKit.framework in Frameworks */ = {isa = PBXBuildFile; fileRef = 4593839F1B5857D100C6848B /* FBSDKLoginKit.framework */; };
		4593848F1B5857D200C6848B /* FBSDKMessengerShareKit.framework in Frameworks */ = {isa = PBXBuildFile; fileRef = 459383A01B5857D100C6848B /* FBSDKMessengerShareKit.framework */; };
		459384901B5857D200C6848B /* FBSDKShareKit.framework in Frameworks */ = {isa = PBXBuildFile; fileRef = 459383A11B5857D100C6848B /* FBSDKShareKit.framework */; };
		459384911B5857D200C6848B /* LICENSE in Resources */ = {isa = PBXBuildFile; fileRef = 459383A21B5857D100C6848B /* LICENSE */; };
		459384921B5857D200C6848B /* README.txt in Resources */ = {isa = PBXBuildFile; fileRef = 459383A31B5857D100C6848B /* README.txt */; };
		459385301B585F2F00C6848B /* CoreMotion.framework in Frameworks */ = {isa = PBXBuildFile; fileRef = 4593852F1B585F2F00C6848B /* CoreMotion.framework */; };
		459385321B585F4D00C6848B /* AdSupport.framework in Frameworks */ = {isa = PBXBuildFile; fileRef = 459385311B585F4D00C6848B /* AdSupport.framework */; };
		459385371B5860DC00C6848B /* libstdc++.6.dylib in Frameworks */ = {isa = PBXBuildFile; fileRef = 459385361B5860DC00C6848B /* libstdc++.6.dylib */; };
		45AF5BC91B5EB50E00552889 /* TextFields.m in Sources */ = {isa = PBXBuildFile; fileRef = 45AF5BC81B5EB50E00552889 /* TextFields.m */; };
		45AF5BCB1B5EC6BF00552889 /* bgNonTrans.png in Resources */ = {isa = PBXBuildFile; fileRef = 45AF5BCA1B5EC6BF00552889 /* bgNonTrans.png */; };
		45AF5BCE1B5ECAF800552889 /* HowItWorksViewController.m in Sources */ = {isa = PBXBuildFile; fileRef = 45AF5BCD1B5ECAF800552889 /* HowItWorksViewController.m */; };
		45B6B20F1B5D9C97008F5E6D /* TrapSetViewController.m in Sources */ = {isa = PBXBuildFile; fileRef = 45B6B20E1B5D9C97008F5E6D /* TrapSetViewController.m */; };
		45B6D1231B725A760065BFE4 /* Constants.m in Sources */ = {isa = PBXBuildFile; fileRef = 45B6D1221B725A760065BFE4 /* Constants.m */; };
		45BFFC991B57022D00B75FB8 /* main.m in Sources */ = {isa = PBXBuildFile; fileRef = 45BFFC981B57022D00B75FB8 /* main.m */; };
		45BFFC9C1B57022D00B75FB8 /* AppDelegate.m in Sources */ = {isa = PBXBuildFile; fileRef = 45BFFC9B1B57022D00B75FB8 /* AppDelegate.m */; };
		45BFFC9F1B57022D00B75FB8 /* HomeViewController.m in Sources */ = {isa = PBXBuildFile; fileRef = 45BFFC9E1B57022D00B75FB8 /* HomeViewController.m */; };
		45BFFCA41B57022D00B75FB8 /* Images.xcassets in Resources */ = {isa = PBXBuildFile; fileRef = 45BFFCA31B57022D00B75FB8 /* Images.xcassets */; };
		45BFFCA71B57022D00B75FB8 /* LaunchScreen.xib in Resources */ = {isa = PBXBuildFile; fileRef = 45BFFCA51B57022D00B75FB8 /* LaunchScreen.xib */; };
		45BFFCC31B57079800B75FB8 /* Bolts.framework in Frameworks */ = {isa = PBXBuildFile; fileRef = 45BFFCBD1B57079800B75FB8 /* Bolts.framework */; };
		45BFFCC41B57079800B75FB8 /* Parse.framework in Frameworks */ = {isa = PBXBuildFile; fileRef = 45BFFCBE1B57079800B75FB8 /* Parse.framework */; };
		45BFFCC51B57079800B75FB8 /* ParseCrashReporting.framework in Frameworks */ = {isa = PBXBuildFile; fileRef = 45BFFCBF1B57079800B75FB8 /* ParseCrashReporting.framework */; };
		45BFFCC81B57079800B75FB8 /* ParseUI.framework in Frameworks */ = {isa = PBXBuildFile; fileRef = 45BFFCC21B57079800B75FB8 /* ParseUI.framework */; };
		45BFFCD31B57085900B75FB8 /* AudioToolbox.framework in Frameworks */ = {isa = PBXBuildFile; fileRef = 45BFFCC91B57085900B75FB8 /* AudioToolbox.framework */; };
		45BFFCD41B57085900B75FB8 /* CFNetwork.framework in Frameworks */ = {isa = PBXBuildFile; fileRef = 45BFFCCA1B57085900B75FB8 /* CFNetwork.framework */; };
		45BFFCD51B57085900B75FB8 /* CoreGraphics.framework in Frameworks */ = {isa = PBXBuildFile; fileRef = 45BFFCCB1B57085900B75FB8 /* CoreGraphics.framework */; };
		45BFFCD61B57085900B75FB8 /* CoreLocation.framework in Frameworks */ = {isa = PBXBuildFile; fileRef = 45BFFCCC1B57085900B75FB8 /* CoreLocation.framework */; };
		45BFFCD71B57085900B75FB8 /* libsqlite3.dylib in Frameworks */ = {isa = PBXBuildFile; fileRef = 45BFFCCD1B57085900B75FB8 /* libsqlite3.dylib */; };
		45BFFCD81B57085900B75FB8 /* libz.dylib in Frameworks */ = {isa = PBXBuildFile; fileRef = 45BFFCCE1B57085900B75FB8 /* libz.dylib */; };
		45BFFCD91B57085900B75FB8 /* QuartzCore.framework in Frameworks */ = {isa = PBXBuildFile; fileRef = 45BFFCCF1B57085900B75FB8 /* QuartzCore.framework */; };
		45BFFCDA1B57085900B75FB8 /* Security.framework in Frameworks */ = {isa = PBXBuildFile; fileRef = 45BFFCD01B57085900B75FB8 /* Security.framework */; };
		45BFFCDB1B57085900B75FB8 /* StoreKit.framework in Frameworks */ = {isa = PBXBuildFile; fileRef = 45BFFCD11B57085900B75FB8 /* StoreKit.framework */; };
		45BFFCDC1B57085900B75FB8 /* SystemConfiguration.framework in Frameworks */ = {isa = PBXBuildFile; fileRef = 45BFFCD21B57085900B75FB8 /* SystemConfiguration.framework */; };
		45BFFCE61B58047400B75FB8 /* LoginViewController.m in Sources */ = {isa = PBXBuildFile; fileRef = 45BFFCE51B58047400B75FB8 /* LoginViewController.m */; };
		45BFFCE91B58222000B75FB8 /* LoginCheckViewController.m in Sources */ = {isa = PBXBuildFile; fileRef = 45BFFCE81B58222000B75FB8 /* LoginCheckViewController.m */; };
		45BFFCEB1B58235B00B75FB8 /* Main.storyboard in Resources */ = {isa = PBXBuildFile; fileRef = 45BFFCEA1B58235B00B75FB8 /* Main.storyboard */; };
		45CCA6D21B593E66005677E5 /* SignUpViewController.m in Sources */ = {isa = PBXBuildFile; fileRef = 45CCA6D11B593E66005677E5 /* SignUpViewController.m */; };
		45CF938C1BD2C6400024C378 /* siren.mp3 in Resources */ = {isa = PBXBuildFile; fileRef = 45CF938B1BD2C6400024C378 /* siren.mp3 */; settings = {ASSET_TAGS = (); }; };
/* End PBXBuildFile section */

/* Begin PBXFileReference section */
		0B02A7DDEFC149BA4FDFD553 /* libPods.a */ = {isa = PBXFileReference; explicitFileType = archive.ar; includeInIndex = 0; path = libPods.a; sourceTree = BUILT_PRODUCTS_DIR; };
		26BCC62189E5CD6A87534BC5 /* Pods.release.xcconfig */ = {isa = PBXFileReference; includeInIndex = 1; lastKnownFileType = text.xcconfig; name = Pods.release.xcconfig; path = "Pods/Target Support Files/Pods/Pods.release.xcconfig"; sourceTree = "<group>"; };
		45141DD41B5D3A8600706082 /* homeBg8.png */ = {isa = PBXFileReference; lastKnownFileType = image.png; path = homeBg8.png; sourceTree = "<group>"; };
		451564B61B62D917005A2871 /* watermark.png */ = {isa = PBXFileReference; lastKnownFileType = image.png; path = watermark.png; sourceTree = "<group>"; };
		451564B81B64027C005A2871 /* UINavigationBarBackIndicatorDefault.png */ = {isa = PBXFileReference; lastKnownFileType = image.png; path = UINavigationBarBackIndicatorDefault.png; sourceTree = "<group>"; };
		451564B91B64027C005A2871 /* UINavigationBarBackIndicatorDefault@2x.png */ = {isa = PBXFileReference; lastKnownFileType = image.png; path = "UINavigationBarBackIndicatorDefault@2x.png"; sourceTree = "<group>"; };
		451564C31B64276D005A2871 /* DataStore.h */ = {isa = PBXFileReference; fileEncoding = 4; lastKnownFileType = sourcecode.c.h; path = DataStore.h; sourceTree = "<group>"; };
		451564C41B64276D005A2871 /* DataStore.m */ = {isa = PBXFileReference; fileEncoding = 4; lastKnownFileType = sourcecode.c.objc; path = DataStore.m; sourceTree = "<group>"; };
		451564CA1B65CC31005A2871 /* instagramLogo.png */ = {isa = PBXFileReference; lastKnownFileType = image.png; path = instagramLogo.png; sourceTree = "<group>"; };
		451564CC1B65D1B4005A2871 /* insta.png */ = {isa = PBXFileReference; lastKnownFileType = image.png; path = insta.png; sourceTree = "<group>"; };
		451564CD1B65D1B4005A2871 /* insta@2x.png */ = {isa = PBXFileReference; lastKnownFileType = image.png; path = "insta@2x.png"; sourceTree = "<group>"; };
		451564DF1B666356005A2871 /* Default-Landscape@2x~ipad.png */ = {isa = PBXFileReference; lastKnownFileType = image.png; name = "Default-Landscape@2x~ipad.png"; path = "LaunchImages/Default-Landscape@2x~ipad.png"; sourceTree = "<group>"; };
		451564E01B666356005A2871 /* Default-Landscape~ipad.png */ = {isa = PBXFileReference; lastKnownFileType = image.png; name = "Default-Landscape~ipad.png"; path = "LaunchImages/Default-Landscape~ipad.png"; sourceTree = "<group>"; };
		451564E11B666356005A2871 /* Default-Portrait@2x~ipad.png */ = {isa = PBXFileReference; lastKnownFileType = image.png; name = "Default-Portrait@2x~ipad.png"; path = "LaunchImages/Default-Portrait@2x~ipad.png"; sourceTree = "<group>"; };
		451564E41B666356005A2871 /* Default-portrait@2x~iphone6.png */ = {isa = PBXFileReference; lastKnownFileType = image.png; name = "Default-portrait@2x~iphone6.png"; path = "LaunchImages/Default-portrait@2x~iphone6.png"; sourceTree = "<group>"; };
		451564E51B666356005A2871 /* Default-portrait@3x~iphone6+.png */ = {isa = PBXFileReference; lastKnownFileType = image.png; name = "Default-portrait@3x~iphone6+.png"; path = "LaunchImages/Default-portrait@3x~iphone6+.png"; sourceTree = "<group>"; };
		451564E61B666356005A2871 /* Default-Portrait~ipad.png */ = {isa = PBXFileReference; lastKnownFileType = image.png; name = "Default-Portrait~ipad.png"; path = "LaunchImages/Default-Portrait~ipad.png"; sourceTree = "<group>"; };
		451564E71B666356005A2871 /* Default-portrait~iphone.png */ = {isa = PBXFileReference; lastKnownFileType = image.png; name = "Default-portrait~iphone.png"; path = "LaunchImages/Default-portrait~iphone.png"; sourceTree = "<group>"; };
		451564F31B6664BC005A2871 /* Default-Portrait~ipad-nostatusbar.png */ = {isa = PBXFileReference; lastKnownFileType = image.png; name = "Default-Portrait~ipad-nostatusbar.png"; path = "LaunchImages/Default-Portrait~ipad-nostatusbar.png"; sourceTree = "<group>"; };
		451564F51B666508005A2871 /* Default-Portrait@2x~ipad-nostatusbar.png */ = {isa = PBXFileReference; lastKnownFileType = image.png; name = "Default-Portrait@2x~ipad-nostatusbar.png"; path = "LaunchImages/Default-Portrait@2x~ipad-nostatusbar.png"; sourceTree = "<group>"; };
		451564F71B66653C005A2871 /* Default-Landscape~ipad-nostatusbar.png */ = {isa = PBXFileReference; lastKnownFileType = image.png; name = "Default-Landscape~ipad-nostatusbar.png"; path = "LaunchImages/Default-Landscape~ipad-nostatusbar.png"; sourceTree = "<group>"; };
		451564F91B666587005A2871 /* Default-Landscape@2x~ipad-nostatusbar.png */ = {isa = PBXFileReference; lastKnownFileType = image.png; name = "Default-Landscape@2x~ipad-nostatusbar.png"; path = "LaunchImages/Default-Landscape@2x~ipad-nostatusbar.png"; sourceTree = "<group>"; };
		451565031B66DA5A005A2871 /* Default-568h@2x.png */ = {isa = PBXFileReference; lastKnownFileType = image.png; name = "Default-568h@2x.png"; path = "LaunchImages/Default-568h@2x.png"; sourceTree = "<group>"; };
		451565041B66DA5A005A2871 /* Default@2x.png */ = {isa = PBXFileReference; lastKnownFileType = image.png; name = "Default@2x.png"; path = "LaunchImages/Default@2x.png"; sourceTree = "<group>"; };
		454C51D01B5C692400D6680A /* LobsterTwo-Bold.ttf */ = {isa = PBXFileReference; lastKnownFileType = file; path = "LobsterTwo-Bold.ttf"; sourceTree = "<group>"; };
		454C51D11B5C692400D6680A /* LobsterTwo-BoldItalic.ttf */ = {isa = PBXFileReference; lastKnownFileType = file; path = "LobsterTwo-BoldItalic.ttf"; sourceTree = "<group>"; };
		454C51D21B5C692400D6680A /* LobsterTwo-Regular.ttf */ = {isa = PBXFileReference; lastKnownFileType = file; path = "LobsterTwo-Regular.ttf"; sourceTree = "<group>"; };
		454C51D61B5C72FD00D6680A /* lightBg.png */ = {isa = PBXFileReference; lastKnownFileType = image.png; path = lightBg.png; sourceTree = "<group>"; };
		454C51D81B5C73D500D6680A /* insecurityLogo.png */ = {isa = PBXFileReference; lastKnownFileType = image.png; path = insecurityLogo.png; sourceTree = "<group>"; };
		457018CD1B602D1A000A051D /* Icon-60.png */ = {isa = PBXFileReference; lastKnownFileType = image.png; name = "Icon-60.png"; path = "App Icon [Squared]/Icon-60.png"; sourceTree = "<group>"; };
		457018CE1B602D1A000A051D /* Icon-60@2x.png */ = {isa = PBXFileReference; lastKnownFileType = image.png; name = "Icon-60@2x.png"; path = "App Icon [Squared]/Icon-60@2x.png"; sourceTree = "<group>"; };
		457018CF1B602D1A000A051D /* Icon-60@3x.png */ = {isa = PBXFileReference; lastKnownFileType = image.png; name = "Icon-60@3x.png"; path = "App Icon [Squared]/Icon-60@3x.png"; sourceTree = "<group>"; };
		457018D01B602D1A000A051D /* Icon-72.png */ = {isa = PBXFileReference; lastKnownFileType = image.png; name = "Icon-72.png"; path = "App Icon [Squared]/Icon-72.png"; sourceTree = "<group>"; };
		457018D11B602D1A000A051D /* Icon-72@2x.png */ = {isa = PBXFileReference; lastKnownFileType = image.png; name = "Icon-72@2x.png"; path = "App Icon [Squared]/Icon-72@2x.png"; sourceTree = "<group>"; };
		457018D21B602D1A000A051D /* Icon-76.png */ = {isa = PBXFileReference; lastKnownFileType = image.png; name = "Icon-76.png"; path = "App Icon [Squared]/Icon-76.png"; sourceTree = "<group>"; };
		457018D31B602D1A000A051D /* Icon-76@2x.png */ = {isa = PBXFileReference; lastKnownFileType = image.png; name = "Icon-76@2x.png"; path = "App Icon [Squared]/Icon-76@2x.png"; sourceTree = "<group>"; };
		457018D41B602D1A000A051D /* Icon-Small-40.png */ = {isa = PBXFileReference; lastKnownFileType = image.png; name = "Icon-Small-40.png"; path = "App Icon [Squared]/Icon-Small-40.png"; sourceTree = "<group>"; };
		457018D51B602D1A000A051D /* Icon-Small-40@2x.png */ = {isa = PBXFileReference; lastKnownFileType = image.png; name = "Icon-Small-40@2x.png"; path = "App Icon [Squared]/Icon-Small-40@2x.png"; sourceTree = "<group>"; };
		457018D61B602D1A000A051D /* Icon-Small-40@3x.png */ = {isa = PBXFileReference; lastKnownFileType = image.png; name = "Icon-Small-40@3x.png"; path = "App Icon [Squared]/Icon-Small-40@3x.png"; sourceTree = "<group>"; };
		457018D71B602D1A000A051D /* Icon-Small-50.png */ = {isa = PBXFileReference; lastKnownFileType = image.png; name = "Icon-Small-50.png"; path = "App Icon [Squared]/Icon-Small-50.png"; sourceTree = "<group>"; };
		457018D81B602D1A000A051D /* Icon-Small-50@2x.png */ = {isa = PBXFileReference; lastKnownFileType = image.png; name = "Icon-Small-50@2x.png"; path = "App Icon [Squared]/Icon-Small-50@2x.png"; sourceTree = "<group>"; };
		457018D91B602D1A000A051D /* Icon-Small.png */ = {isa = PBXFileReference; lastKnownFileType = image.png; name = "Icon-Small.png"; path = "App Icon [Squared]/Icon-Small.png"; sourceTree = "<group>"; };
		457018DA1B602D1A000A051D /* Icon-Small@2x.png */ = {isa = PBXFileReference; lastKnownFileType = image.png; name = "Icon-Small@2x.png"; path = "App Icon [Squared]/Icon-Small@2x.png"; sourceTree = "<group>"; };
		457018DB1B602D1A000A051D /* Icon-Small@3x.png */ = {isa = PBXFileReference; lastKnownFileType = image.png; name = "Icon-Small@3x.png"; path = "App Icon [Squared]/Icon-Small@3x.png"; sourceTree = "<group>"; };
		457018DC1B602D1A000A051D /* Icon.png */ = {isa = PBXFileReference; lastKnownFileType = image.png; name = Icon.png; path = "App Icon [Squared]/Icon.png"; sourceTree = "<group>"; };
		457018DD1B602D1A000A051D /* Icon@2x.png */ = {isa = PBXFileReference; lastKnownFileType = image.png; name = "Icon@2x.png"; path = "App Icon [Squared]/Icon@2x.png"; sourceTree = "<group>"; };
		457018DE1B602D1A000A051D /* iTunesArtwork@2x.png */ = {isa = PBXFileReference; lastKnownFileType = image.png; name = "iTunesArtwork@2x.png"; path = "App Icon [Squared]/iTunesArtwork@2x.png"; sourceTree = "<group>"; };
		4570192D1B607B98000A051D /* UpgradeViewController.h */ = {isa = PBXFileReference; fileEncoding = 4; lastKnownFileType = sourcecode.c.h; path = UpgradeViewController.h; sourceTree = "<group>"; };
		4570192E1B607B98000A051D /* UpgradeViewController.m */ = {isa = PBXFileReference; fileEncoding = 4; lastKnownFileType = sourcecode.c.objc; path = UpgradeViewController.m; sourceTree = "<group>"; };
		45931AB91BCD1E4A0033E84E /* Chartboost.framework */ = {isa = PBXFileReference; lastKnownFileType = wrapper.framework; name = Chartboost.framework; path = Insecurity/Chartboost.framework; sourceTree = SOURCE_ROOT; };
		45931ABB1BCD1E940033E84E /* Foundation.framework */ = {isa = PBXFileReference; lastKnownFileType = wrapper.framework; name = Foundation.framework; path = System/Library/Frameworks/Foundation.framework; sourceTree = SDKROOT; };
		45931ABD1BCD1E9C0033E84E /* UIKit.framework */ = {isa = PBXFileReference; lastKnownFileType = wrapper.framework; name = UIKit.framework; path = System/Library/Frameworks/UIKit.framework; sourceTree = SDKROOT; };
		4593838D1B58517400C6848B /* libPods-MBProgressHUD.a */ = {isa = PBXFileReference; lastKnownFileType = archive.ar; name = "libPods-MBProgressHUD.a"; path = "Pods/../build/Debug-iphoneos/libPods-MBProgressHUD.a"; sourceTree = "<group>"; };
		459383911B58539400C6848B /* Social.framework */ = {isa = PBXFileReference; lastKnownFileType = wrapper.framework; name = Social.framework; path = System/Library/Frameworks/Social.framework; sourceTree = SDKROOT; };
		459383931B58539A00C6848B /* Accounts.framework */ = {isa = PBXFileReference; lastKnownFileType = wrapper.framework; name = Accounts.framework; path = System/Library/Frameworks/Accounts.framework; sourceTree = SDKROOT; };
		459383971B5854BF00C6848B /* ParseFacebookUtilsV4.framework */ = {isa = PBXFileReference; lastKnownFileType = wrapper.framework; path = ParseFacebookUtilsV4.framework; sourceTree = "<group>"; };
		4593839B1B5857D100C6848B /* FacebookSDKStrings.bundle */ = {isa = PBXFileReference; lastKnownFileType = "wrapper.plug-in"; path = FacebookSDKStrings.bundle; sourceTree = "<group>"; };
		4593839C1B5857D100C6848B /* FBAudienceNetwork.framework */ = {isa = PBXFileReference; lastKnownFileType = wrapper.framework; path = FBAudienceNetwork.framework; sourceTree = "<group>"; };
		4593839D1B5857D100C6848B /* FBAudienceNetwork.README.txt */ = {isa = PBXFileReference; fileEncoding = 4; lastKnownFileType = text; path = FBAudienceNetwork.README.txt; sourceTree = "<group>"; };
		4593839E1B5857D100C6848B /* FBSDKCoreKit.framework */ = {isa = PBXFileReference; lastKnownFileType = wrapper.framework; path = FBSDKCoreKit.framework; sourceTree = "<group>"; };
		4593839F1B5857D100C6848B /* FBSDKLoginKit.framework */ = {isa = PBXFileReference; lastKnownFileType = wrapper.framework; path = FBSDKLoginKit.framework; sourceTree = "<group>"; };
		459383A01B5857D100C6848B /* FBSDKMessengerShareKit.framework */ = {isa = PBXFileReference; lastKnownFileType = wrapper.framework; path = FBSDKMessengerShareKit.framework; sourceTree = "<group>"; };
		459383A11B5857D100C6848B /* FBSDKShareKit.framework */ = {isa = PBXFileReference; lastKnownFileType = wrapper.framework; path = FBSDKShareKit.framework; sourceTree = "<group>"; };
		459383A21B5857D100C6848B /* LICENSE */ = {isa = PBXFileReference; fileEncoding = 4; lastKnownFileType = text; path = LICENSE; sourceTree = "<group>"; };
		459383A31B5857D100C6848B /* README.txt */ = {isa = PBXFileReference; fileEncoding = 4; lastKnownFileType = text; path = README.txt; sourceTree = "<group>"; };
		4593852B1B585EC800C6848B /* libc++.dylib */ = {isa = PBXFileReference; lastKnownFileType = "compiled.mach-o.dylib"; name = "libc++.dylib"; path = "usr/lib/libc++.dylib"; sourceTree = SDKROOT; };
		4593852D1B585EDC00C6848B /* libstdc++.dylib */ = {isa = PBXFileReference; lastKnownFileType = "compiled.mach-o.dylib"; name = "libstdc++.dylib"; path = "usr/lib/libstdc++.dylib"; sourceTree = SDKROOT; };
		4593852F1B585F2F00C6848B /* CoreMotion.framework */ = {isa = PBXFileReference; lastKnownFileType = wrapper.framework; name = CoreMotion.framework; path = System/Library/Frameworks/CoreMotion.framework; sourceTree = SDKROOT; };
		459385311B585F4D00C6848B /* AdSupport.framework */ = {isa = PBXFileReference; lastKnownFileType = wrapper.framework; name = AdSupport.framework; path = System/Library/Frameworks/AdSupport.framework; sourceTree = SDKROOT; };
		459385341B585F8E00C6848B /* libc++abi.dylib */ = {isa = PBXFileReference; lastKnownFileType = "compiled.mach-o.dylib"; name = "libc++abi.dylib"; path = "usr/lib/libc++abi.dylib"; sourceTree = SDKROOT; };
		459385361B5860DC00C6848B /* libstdc++.6.dylib */ = {isa = PBXFileReference; lastKnownFileType = "compiled.mach-o.dylib"; name = "libstdc++.6.dylib"; path = "usr/lib/libstdc++.6.dylib"; sourceTree = SDKROOT; };
		45AF5BC71B5EB50E00552889 /* TextFields.h */ = {isa = PBXFileReference; fileEncoding = 4; lastKnownFileType = sourcecode.c.h; path = TextFields.h; sourceTree = "<group>"; };
		45AF5BC81B5EB50E00552889 /* TextFields.m */ = {isa = PBXFileReference; fileEncoding = 4; lastKnownFileType = sourcecode.c.objc; path = TextFields.m; sourceTree = "<group>"; };
		45AF5BCA1B5EC6BF00552889 /* bgNonTrans.png */ = {isa = PBXFileReference; lastKnownFileType = image.png; path = bgNonTrans.png; sourceTree = "<group>"; };
		45AF5BCC1B5ECAF800552889 /* HowItWorksViewController.h */ = {isa = PBXFileReference; fileEncoding = 4; lastKnownFileType = sourcecode.c.h; path = HowItWorksViewController.h; sourceTree = "<group>"; };
		45AF5BCD1B5ECAF800552889 /* HowItWorksViewController.m */ = {isa = PBXFileReference; fileEncoding = 4; lastKnownFileType = sourcecode.c.objc; path = HowItWorksViewController.m; sourceTree = "<group>"; };
		45B6B20D1B5D9C97008F5E6D /* TrapSetViewController.h */ = {isa = PBXFileReference; fileEncoding = 4; lastKnownFileType = sourcecode.c.h; path = TrapSetViewController.h; sourceTree = "<group>"; };
		45B6B20E1B5D9C97008F5E6D /* TrapSetViewController.m */ = {isa = PBXFileReference; fileEncoding = 4; lastKnownFileType = sourcecode.c.objc; path = TrapSetViewController.m; sourceTree = "<group>"; };
		45B6D1211B725A760065BFE4 /* Constants.h */ = {isa = PBXFileReference; fileEncoding = 4; lastKnownFileType = sourcecode.c.h; path = Constants.h; sourceTree = "<group>"; };
		45B6D1221B725A760065BFE4 /* Constants.m */ = {isa = PBXFileReference; fileEncoding = 4; lastKnownFileType = sourcecode.c.objc; path = Constants.m; sourceTree = "<group>"; };
		45BFFC931B57022D00B75FB8 /* Insecurity.app */ = {isa = PBXFileReference; explicitFileType = wrapper.application; includeInIndex = 0; path = Insecurity.app; sourceTree = BUILT_PRODUCTS_DIR; };
		45BFFC971B57022D00B75FB8 /* Info.plist */ = {isa = PBXFileReference; lastKnownFileType = text.plist.xml; path = Info.plist; sourceTree = "<group>"; };
		45BFFC981B57022D00B75FB8 /* main.m */ = {isa = PBXFileReference; lastKnownFileType = sourcecode.c.objc; path = main.m; sourceTree = "<group>"; };
		45BFFC9A1B57022D00B75FB8 /* AppDelegate.h */ = {isa = PBXFileReference; lastKnownFileType = sourcecode.c.h; path = AppDelegate.h; sourceTree = "<group>"; };
		45BFFC9B1B57022D00B75FB8 /* AppDelegate.m */ = {isa = PBXFileReference; lastKnownFileType = sourcecode.c.objc; path = AppDelegate.m; sourceTree = "<group>"; };
		45BFFC9D1B57022D00B75FB8 /* HomeViewController.h */ = {isa = PBXFileReference; lastKnownFileType = sourcecode.c.h; path = HomeViewController.h; sourceTree = "<group>"; };
		45BFFC9E1B57022D00B75FB8 /* HomeViewController.m */ = {isa = PBXFileReference; lastKnownFileType = sourcecode.c.objc; path = HomeViewController.m; sourceTree = "<group>"; };
		45BFFCA31B57022D00B75FB8 /* Images.xcassets */ = {isa = PBXFileReference; lastKnownFileType = folder.assetcatalog; path = Images.xcassets; sourceTree = "<group>"; };
		45BFFCA61B57022D00B75FB8 /* Base */ = {isa = PBXFileReference; lastKnownFileType = file.xib; name = Base; path = Base.lproj/LaunchScreen.xib; sourceTree = "<group>"; };
		45BFFCB11B57022D00B75FB8 /* Info.plist */ = {isa = PBXFileReference; lastKnownFileType = text.plist.xml; path = Info.plist; sourceTree = "<group>"; };
		45BFFCB21B57022D00B75FB8 /* InsecurityTests.m */ = {isa = PBXFileReference; lastKnownFileType = sourcecode.c.objc; path = InsecurityTests.m; sourceTree = "<group>"; };
		45BFFCBD1B57079800B75FB8 /* Bolts.framework */ = {isa = PBXFileReference; lastKnownFileType = wrapper.framework; path = Bolts.framework; sourceTree = "<group>"; };
		45BFFCBE1B57079800B75FB8 /* Parse.framework */ = {isa = PBXFileReference; lastKnownFileType = wrapper.framework; path = Parse.framework; sourceTree = "<group>"; };
		45BFFCBF1B57079800B75FB8 /* ParseCrashReporting.framework */ = {isa = PBXFileReference; lastKnownFileType = wrapper.framework; path = ParseCrashReporting.framework; sourceTree = "<group>"; };
		45BFFCC21B57079800B75FB8 /* ParseUI.framework */ = {isa = PBXFileReference; lastKnownFileType = wrapper.framework; path = ParseUI.framework; sourceTree = "<group>"; };
		45BFFCC91B57085900B75FB8 /* AudioToolbox.framework */ = {isa = PBXFileReference; lastKnownFileType = wrapper.framework; name = AudioToolbox.framework; path = System/Library/Frameworks/AudioToolbox.framework; sourceTree = SDKROOT; };
		45BFFCCA1B57085900B75FB8 /* CFNetwork.framework */ = {isa = PBXFileReference; lastKnownFileType = wrapper.framework; name = CFNetwork.framework; path = System/Library/Frameworks/CFNetwork.framework; sourceTree = SDKROOT; };
		45BFFCCB1B57085900B75FB8 /* CoreGraphics.framework */ = {isa = PBXFileReference; lastKnownFileType = wrapper.framework; name = CoreGraphics.framework; path = System/Library/Frameworks/CoreGraphics.framework; sourceTree = SDKROOT; };
		45BFFCCC1B57085900B75FB8 /* CoreLocation.framework */ = {isa = PBXFileReference; lastKnownFileType = wrapper.framework; name = CoreLocation.framework; path = System/Library/Frameworks/CoreLocation.framework; sourceTree = SDKROOT; };
		45BFFCCD1B57085900B75FB8 /* libsqlite3.dylib */ = {isa = PBXFileReference; lastKnownFileType = "compiled.mach-o.dylib"; name = libsqlite3.dylib; path = usr/lib/libsqlite3.dylib; sourceTree = SDKROOT; };
		45BFFCCE1B57085900B75FB8 /* libz.dylib */ = {isa = PBXFileReference; lastKnownFileType = "compiled.mach-o.dylib"; name = libz.dylib; path = usr/lib/libz.dylib; sourceTree = SDKROOT; };
		45BFFCCF1B57085900B75FB8 /* QuartzCore.framework */ = {isa = PBXFileReference; lastKnownFileType = wrapper.framework; name = QuartzCore.framework; path = System/Library/Frameworks/QuartzCore.framework; sourceTree = SDKROOT; };
		45BFFCD01B57085900B75FB8 /* Security.framework */ = {isa = PBXFileReference; lastKnownFileType = wrapper.framework; name = Security.framework; path = System/Library/Frameworks/Security.framework; sourceTree = SDKROOT; };
		45BFFCD11B57085900B75FB8 /* StoreKit.framework */ = {isa = PBXFileReference; lastKnownFileType = wrapper.framework; name = StoreKit.framework; path = System/Library/Frameworks/StoreKit.framework; sourceTree = SDKROOT; };
		45BFFCD21B57085900B75FB8 /* SystemConfiguration.framework */ = {isa = PBXFileReference; lastKnownFileType = wrapper.framework; name = SystemConfiguration.framework; path = System/Library/Frameworks/SystemConfiguration.framework; sourceTree = SDKROOT; };
		45BFFCE41B58047400B75FB8 /* LoginViewController.h */ = {isa = PBXFileReference; fileEncoding = 4; lastKnownFileType = sourcecode.c.h; path = LoginViewController.h; sourceTree = "<group>"; };
		45BFFCE51B58047400B75FB8 /* LoginViewController.m */ = {isa = PBXFileReference; fileEncoding = 4; lastKnownFileType = sourcecode.c.objc; path = LoginViewController.m; sourceTree = "<group>"; };
		45BFFCE71B58222000B75FB8 /* LoginCheckViewController.h */ = {isa = PBXFileReference; fileEncoding = 4; lastKnownFileType = sourcecode.c.h; path = LoginCheckViewController.h; sourceTree = "<group>"; };
		45BFFCE81B58222000B75FB8 /* LoginCheckViewController.m */ = {isa = PBXFileReference; fileEncoding = 4; lastKnownFileType = sourcecode.c.objc; path = LoginCheckViewController.m; sourceTree = "<group>"; };
		45BFFCEA1B58235B00B75FB8 /* Main.storyboard */ = {isa = PBXFileReference; fileEncoding = 4; lastKnownFileType = file.storyboard; path = Main.storyboard; sourceTree = "<group>"; };
		45CCA6D01B593E66005677E5 /* SignUpViewController.h */ = {isa = PBXFileReference; fileEncoding = 4; lastKnownFileType = sourcecode.c.h; path = SignUpViewController.h; sourceTree = "<group>"; };
		45CCA6D11B593E66005677E5 /* SignUpViewController.m */ = {isa = PBXFileReference; fileEncoding = 4; lastKnownFileType = sourcecode.c.objc; path = SignUpViewController.m; sourceTree = "<group>"; };
		45CF938B1BD2C6400024C378 /* siren.mp3 */ = {isa = PBXFileReference; lastKnownFileType = audio.mp3; path = siren.mp3; sourceTree = "<group>"; };
		7133782305D3B72132CBE0FD /* Pods.debug.xcconfig */ = {isa = PBXFileReference; includeInIndex = 1; lastKnownFileType = text.xcconfig; name = Pods.debug.xcconfig; path = "Pods/Target Support Files/Pods/Pods.debug.xcconfig"; sourceTree = "<group>"; };
/* End PBXFileReference section */

/* Begin PBXFrameworksBuildPhase section */
		45BFFC901B57022D00B75FB8 /* Frameworks */ = {
			isa = PBXFrameworksBuildPhase;
			buildActionMask = 2147483647;
			files = (
				45931ABE1BCD1E9C0033E84E /* UIKit.framework in Frameworks */,
				45931ABC1BCD1E940033E84E /* Foundation.framework in Frameworks */,
				459385371B5860DC00C6848B /* libstdc++.6.dylib in Frameworks */,
				459385321B585F4D00C6848B /* AdSupport.framework in Frameworks */,
				459385301B585F2F00C6848B /* CoreMotion.framework in Frameworks */,
				459383941B58539A00C6848B /* Accounts.framework in Frameworks */,
				459383921B58539400C6848B /* Social.framework in Frameworks */,
				4593838E1B58517400C6848B /* libPods-MBProgressHUD.a in Frameworks */,
				45BFFCD31B57085900B75FB8 /* AudioToolbox.framework in Frameworks */,
				459384901B5857D200C6848B /* FBSDKShareKit.framework in Frameworks */,
				45BFFCD41B57085900B75FB8 /* CFNetwork.framework in Frameworks */,
				45BFFCD51B57085900B75FB8 /* CoreGraphics.framework in Frameworks */,
				4593848B1B5857D200C6848B /* FBAudienceNetwork.framework in Frameworks */,
				45BFFCD61B57085900B75FB8 /* CoreLocation.framework in Frameworks */,
				45BFFCD71B57085900B75FB8 /* libsqlite3.dylib in Frameworks */,
				45BFFCD81B57085900B75FB8 /* libz.dylib in Frameworks */,
				45BFFCD91B57085900B75FB8 /* QuartzCore.framework in Frameworks */,
				4593848F1B5857D200C6848B /* FBSDKMessengerShareKit.framework in Frameworks */,
				45BFFCDA1B57085900B75FB8 /* Security.framework in Frameworks */,
				45BFFCDB1B57085900B75FB8 /* StoreKit.framework in Frameworks */,
				4593848E1B5857D200C6848B /* FBSDKLoginKit.framework in Frameworks */,
				45BFFCDC1B57085900B75FB8 /* SystemConfiguration.framework in Frameworks */,
				45BFFCC81B57079800B75FB8 /* ParseUI.framework in Frameworks */,
				45931ABA1BCD1E4A0033E84E /* Chartboost.framework in Frameworks */,
				459383981B5854BF00C6848B /* ParseFacebookUtilsV4.framework in Frameworks */,
				45BFFCC41B57079800B75FB8 /* Parse.framework in Frameworks */,
				45BFFCC51B57079800B75FB8 /* ParseCrashReporting.framework in Frameworks */,
				45BFFCC31B57079800B75FB8 /* Bolts.framework in Frameworks */,
				4593848D1B5857D200C6848B /* FBSDKCoreKit.framework in Frameworks */,
				060BC02FC91CD6CE2E53E35D /* libPods.a in Frameworks */,
			);
			runOnlyForDeploymentPostprocessing = 0;
		};
/* End PBXFrameworksBuildPhase section */

/* Begin PBXGroup section */
		11D1893DCBA36FAE41F095C7 /* Frameworks */ = {
			isa = PBXGroup;
			children = (
				45931ABD1BCD1E9C0033E84E /* UIKit.framework */,
				45931ABB1BCD1E940033E84E /* Foundation.framework */,
				459385361B5860DC00C6848B /* libstdc++.6.dylib */,
				459385341B585F8E00C6848B /* libc++abi.dylib */,
				459385311B585F4D00C6848B /* AdSupport.framework */,
				4593852F1B585F2F00C6848B /* CoreMotion.framework */,
				4593852D1B585EDC00C6848B /* libstdc++.dylib */,
				4593852B1B585EC800C6848B /* libc++.dylib */,
				459383931B58539A00C6848B /* Accounts.framework */,
				459383911B58539400C6848B /* Social.framework */,
				4593838D1B58517400C6848B /* libPods-MBProgressHUD.a */,
				0B02A7DDEFC149BA4FDFD553 /* libPods.a */,
			);
			name = Frameworks;
			sourceTree = "<group>";
		};
		451564BF1B6422DC005A2871 /* Model */ = {
			isa = PBXGroup;
			children = (
				451564C31B64276D005A2871 /* DataStore.h */,
				451564C41B64276D005A2871 /* DataStore.m */,
			);
			name = Model;
			sourceTree = "<group>";
		};
		451564D01B66613A005A2871 /* LaunchImages */ = {
			isa = PBXGroup;
			children = (
				451564F91B666587005A2871 /* Default-Landscape@2x~ipad-nostatusbar.png */,
				451564F71B66653C005A2871 /* Default-Landscape~ipad-nostatusbar.png */,
				451564F51B666508005A2871 /* Default-Portrait@2x~ipad-nostatusbar.png */,
				451564F31B6664BC005A2871 /* Default-Portrait~ipad-nostatusbar.png */,
				451564DF1B666356005A2871 /* Default-Landscape@2x~ipad.png */,
				451564E01B666356005A2871 /* Default-Landscape~ipad.png */,
				451564E11B666356005A2871 /* Default-Portrait@2x~ipad.png */,
				451564E41B666356005A2871 /* Default-portrait@2x~iphone6.png */,
				451564E51B666356005A2871 /* Default-portrait@3x~iphone6+.png */,
				451564E61B666356005A2871 /* Default-Portrait~ipad.png */,
				451564E71B666356005A2871 /* Default-portrait~iphone.png */,
				451565031B66DA5A005A2871 /* Default-568h@2x.png */,
				451565041B66DA5A005A2871 /* Default@2x.png */,
			);
			name = LaunchImages;
			sourceTree = "<group>";
		};
		457018CC1B602D09000A051D /* Icons */ = {
			isa = PBXGroup;
			children = (
				457018CD1B602D1A000A051D /* Icon-60.png */,
				457018CE1B602D1A000A051D /* Icon-60@2x.png */,
				457018CF1B602D1A000A051D /* Icon-60@3x.png */,
				457018D01B602D1A000A051D /* Icon-72.png */,
				457018D11B602D1A000A051D /* Icon-72@2x.png */,
				457018D21B602D1A000A051D /* Icon-76.png */,
				457018D31B602D1A000A051D /* Icon-76@2x.png */,
				457018D41B602D1A000A051D /* Icon-Small-40.png */,
				457018D51B602D1A000A051D /* Icon-Small-40@2x.png */,
				457018D61B602D1A000A051D /* Icon-Small-40@3x.png */,
				457018D71B602D1A000A051D /* Icon-Small-50.png */,
				457018D81B602D1A000A051D /* Icon-Small-50@2x.png */,
				457018D91B602D1A000A051D /* Icon-Small.png */,
				457018DA1B602D1A000A051D /* Icon-Small@2x.png */,
				457018DB1B602D1A000A051D /* Icon-Small@3x.png */,
				457018DC1B602D1A000A051D /* Icon.png */,
				457018DD1B602D1A000A051D /* Icon@2x.png */,
				457018DE1B602D1A000A051D /* iTunesArtwork@2x.png */,
			);
			name = Icons;
			sourceTree = "<group>";
		};
		459383991B5857D100C6848B /* FacebookSDK */ = {
			isa = PBXGroup;
			children = (
				4593839B1B5857D100C6848B /* FacebookSDKStrings.bundle */,
				4593839C1B5857D100C6848B /* FBAudienceNetwork.framework */,
				4593839D1B5857D100C6848B /* FBAudienceNetwork.README.txt */,
				4593839E1B5857D100C6848B /* FBSDKCoreKit.framework */,
				4593839F1B5857D100C6848B /* FBSDKLoginKit.framework */,
				459383A01B5857D100C6848B /* FBSDKMessengerShareKit.framework */,
				459383A11B5857D100C6848B /* FBSDKShareKit.framework */,
				459383A21B5857D100C6848B /* LICENSE */,
				459383A31B5857D100C6848B /* README.txt */,
			);
			path = FacebookSDK;
			sourceTree = "<group>";
		};
		45BFFC8A1B57022D00B75FB8 = {
			isa = PBXGroup;
			children = (
				45BFFC951B57022D00B75FB8 /* Insecurity */,
				45BFFCAF1B57022D00B75FB8 /* InsecurityTests */,
				45BFFC941B57022D00B75FB8 /* Products */,
				A7F4FD0EAAB383D892ED6CC1 /* Pods */,
				11D1893DCBA36FAE41F095C7 /* Frameworks */,
			);
			sourceTree = "<group>";
		};
		45BFFC941B57022D00B75FB8 /* Products */ = {
			isa = PBXGroup;
			children = (
				45BFFC931B57022D00B75FB8 /* Insecurity.app */,
			);
			name = Products;
			sourceTree = "<group>";
		};
		45BFFC951B57022D00B75FB8 /* Insecurity */ = {
			isa = PBXGroup;
			children = (
				45BFFC9A1B57022D00B75FB8 /* AppDelegate.h */,
				45BFFC9B1B57022D00B75FB8 /* AppDelegate.m */,
				45B6D1211B725A760065BFE4 /* Constants.h */,
				45B6D1221B725A760065BFE4 /* Constants.m */,
				451564BF1B6422DC005A2871 /* Model */,
				45BFFCEC1B58254400B75FB8 /* Views */,
				45BFFCE01B58039500B75FB8 /* Controllers */,
				45BFFCA31B57022D00B75FB8 /* Images.xcassets */,
				45BFFCA51B57022D00B75FB8 /* LaunchScreen.xib */,
				45BFFC961B57022D00B75FB8 /* Supporting Files */,
			);
			path = Insecurity;
			sourceTree = "<group>";
		};
		45BFFC961B57022D00B75FB8 /* Supporting Files */ = {
			isa = PBXGroup;
			children = (
				45CF938B1BD2C6400024C378 /* siren.mp3 */,
				45AF5BCA1B5EC6BF00552889 /* bgNonTrans.png */,
				451564D01B66613A005A2871 /* LaunchImages */,
				451564CC1B65D1B4005A2871 /* insta.png */,
				451564CD1B65D1B4005A2871 /* insta@2x.png */,
				451564CA1B65CC31005A2871 /* instagramLogo.png */,
				451564B61B62D917005A2871 /* watermark.png */,
				45141DD41B5D3A8600706082 /* homeBg8.png */,
				451564B81B64027C005A2871 /* UINavigationBarBackIndicatorDefault.png */,
				451564B91B64027C005A2871 /* UINavigationBarBackIndicatorDefault@2x.png */,
				454C51D81B5C73D500D6680A /* insecurityLogo.png */,
				454C51D61B5C72FD00D6680A /* lightBg.png */,
				454C51D01B5C692400D6680A /* LobsterTwo-Bold.ttf */,
				454C51D11B5C692400D6680A /* LobsterTwo-BoldItalic.ttf */,
				454C51D21B5C692400D6680A /* LobsterTwo-Regular.ttf */,
				457018CC1B602D09000A051D /* Icons */,
				459383991B5857D100C6848B /* FacebookSDK */,
				45BFFCBC1B57079800B75FB8 /* parse-library-1.7.5 */,
				45931AB91BCD1E4A0033E84E /* Chartboost.framework */,
				45BFFCC91B57085900B75FB8 /* AudioToolbox.framework */,
				45BFFCCA1B57085900B75FB8 /* CFNetwork.framework */,
				45BFFCCB1B57085900B75FB8 /* CoreGraphics.framework */,
				45BFFCCC1B57085900B75FB8 /* CoreLocation.framework */,
				45BFFCCD1B57085900B75FB8 /* libsqlite3.dylib */,
				45BFFCCE1B57085900B75FB8 /* libz.dylib */,
				45BFFCCF1B57085900B75FB8 /* QuartzCore.framework */,
				45BFFCD01B57085900B75FB8 /* Security.framework */,
				45BFFCD11B57085900B75FB8 /* StoreKit.framework */,
				45BFFCD21B57085900B75FB8 /* SystemConfiguration.framework */,
				45BFFC971B57022D00B75FB8 /* Info.plist */,
				45BFFC981B57022D00B75FB8 /* main.m */,
			);
			name = "Supporting Files";
			sourceTree = "<group>";
		};
		45BFFCAF1B57022D00B75FB8 /* InsecurityTests */ = {
			isa = PBXGroup;
			children = (
				45BFFCB21B57022D00B75FB8 /* InsecurityTests.m */,
				45BFFCB01B57022D00B75FB8 /* Supporting Files */,
			);
			path = InsecurityTests;
			sourceTree = "<group>";
		};
		45BFFCB01B57022D00B75FB8 /* Supporting Files */ = {
			isa = PBXGroup;
			children = (
				45BFFCB11B57022D00B75FB8 /* Info.plist */,
			);
			name = "Supporting Files";
			sourceTree = "<group>";
		};
		45BFFCBC1B57079800B75FB8 /* parse-library-1.7.5 */ = {
			isa = PBXGroup;
			children = (
				459383971B5854BF00C6848B /* ParseFacebookUtilsV4.framework */,
				45BFFCBD1B57079800B75FB8 /* Bolts.framework */,
				45BFFCBE1B57079800B75FB8 /* Parse.framework */,
				45BFFCBF1B57079800B75FB8 /* ParseCrashReporting.framework */,
				45BFFCC21B57079800B75FB8 /* ParseUI.framework */,
			);
			path = "parse-library-1.7.5";
			sourceTree = "<group>";
		};
		45BFFCE01B58039500B75FB8 /* Controllers */ = {
			isa = PBXGroup;
			children = (
				45BFFCE71B58222000B75FB8 /* LoginCheckViewController.h */,
				45BFFCE81B58222000B75FB8 /* LoginCheckViewController.m */,
				45AF5BCC1B5ECAF800552889 /* HowItWorksViewController.h */,
				45AF5BCD1B5ECAF800552889 /* HowItWorksViewController.m */,
				45BFFCE41B58047400B75FB8 /* LoginViewController.h */,
				45BFFCE51B58047400B75FB8 /* LoginViewController.m */,
				45CCA6D01B593E66005677E5 /* SignUpViewController.h */,
				45CCA6D11B593E66005677E5 /* SignUpViewController.m */,
				45BFFC9D1B57022D00B75FB8 /* HomeViewController.h */,
				45BFFC9E1B57022D00B75FB8 /* HomeViewController.m */,
				45B6B20D1B5D9C97008F5E6D /* TrapSetViewController.h */,
				45B6B20E1B5D9C97008F5E6D /* TrapSetViewController.m */,
				4570192D1B607B98000A051D /* UpgradeViewController.h */,
				4570192E1B607B98000A051D /* UpgradeViewController.m */,
			);
			name = Controllers;
			sourceTree = "<group>";
		};
		45BFFCEC1B58254400B75FB8 /* Views */ = {
			isa = PBXGroup;
			children = (
				45BFFCEA1B58235B00B75FB8 /* Main.storyboard */,
				45AF5BC71B5EB50E00552889 /* TextFields.h */,
				45AF5BC81B5EB50E00552889 /* TextFields.m */,
			);
			name = Views;
			sourceTree = "<group>";
		};
		A7F4FD0EAAB383D892ED6CC1 /* Pods */ = {
			isa = PBXGroup;
			children = (
				7133782305D3B72132CBE0FD /* Pods.debug.xcconfig */,
				26BCC62189E5CD6A87534BC5 /* Pods.release.xcconfig */,
			);
			name = Pods;
			sourceTree = "<group>";
		};
/* End PBXGroup section */

/* Begin PBXNativeTarget section */
		45BFFC921B57022D00B75FB8 /* Insecurity */ = {
			isa = PBXNativeTarget;
			buildConfigurationList = 45BFFCB61B57022D00B75FB8 /* Build configuration list for PBXNativeTarget "Insecurity" */;
			buildPhases = (
				D9990813BD553B377FBA3C02 /* Check Pods Manifest.lock */,
				45BFFC8F1B57022D00B75FB8 /* Sources */,
				45BFFC901B57022D00B75FB8 /* Frameworks */,
				45BFFC911B57022D00B75FB8 /* Resources */,
				A08146FB2EE6DEC436D29556 /* Copy Pods Resources */,
			);
			buildRules = (
			);
			dependencies = (
			);
			name = Insecurity;
			productName = Insecurity;
			productReference = 45BFFC931B57022D00B75FB8 /* Insecurity.app */;
			productType = "com.apple.product-type.application";
		};
/* End PBXNativeTarget section */

/* Begin PBXProject section */
		45BFFC8B1B57022D00B75FB8 /* Project object */ = {
			isa = PBXProject;
			attributes = {
				LastUpgradeCheck = 0700;
				ORGANIZATIONNAME = "Skytop Designs";
				TargetAttributes = {
					45BFFC921B57022D00B75FB8 = {
						CreatedOnToolsVersion = 6.3.1;
						DevelopmentTeam = 98E8SVTQ29;
					};
				};
			};
			buildConfigurationList = 45BFFC8E1B57022D00B75FB8 /* Build configuration list for PBXProject "Insecurity" */;
			compatibilityVersion = "Xcode 3.2";
			developmentRegion = English;
			hasScannedForEncodings = 0;
			knownRegions = (
				en,
				Base,
			);
			mainGroup = 45BFFC8A1B57022D00B75FB8;
			productRefGroup = 45BFFC941B57022D00B75FB8 /* Products */;
			projectDirPath = "";
			projectRoot = "";
			targets = (
				45BFFC921B57022D00B75FB8 /* Insecurity */,
			);
		};
/* End PBXProject section */

/* Begin PBXResourcesBuildPhase section */
		45BFFC911B57022D00B75FB8 /* Resources */ = {
			isa = PBXResourcesBuildPhase;
			buildActionMask = 2147483647;
			files = (
				45141DD51B5D3A8600706082 /* homeBg8.png in Resources */,
				459384911B5857D200C6848B /* LICENSE in Resources */,
				454C51D91B5C73D500D6680A /* insecurityLogo.png in Resources */,
				45BFFCEB1B58235B00B75FB8 /* Main.storyboard in Resources */,
				451564CE1B65D1B4005A2871 /* insta.png in Resources */,
				457018E51B602D1A000A051D /* Icon-76@2x.png in Resources */,
				451564ED1B666356005A2871 /* Default-portrait@2x~iphone6.png in Resources */,
				454C51D51B5C692400D6680A /* LobsterTwo-Regular.ttf in Resources */,
				457018EF1B602D1A000A051D /* Icon@2x.png in Resources */,
				451565061B66DA5A005A2871 /* Default@2x.png in Resources */,
				457018DF1B602D1A000A051D /* Icon-60.png in Resources */,
				457018E71B602D1A000A051D /* Icon-Small-40@2x.png in Resources */,
				454C51D31B5C692400D6680A /* LobsterTwo-Bold.ttf in Resources */,
				457018E01B602D1A000A051D /* Icon-60@2x.png in Resources */,
				457018E81B602D1A000A051D /* Icon-Small-40@3x.png in Resources */,
				45BFFCA71B57022D00B75FB8 /* LaunchScreen.xib in Resources */,
				45CF938C1BD2C6400024C378 /* siren.mp3 in Resources */,
				451564E91B666356005A2871 /* Default-Landscape~ipad.png in Resources */,
				451564B71B62D917005A2871 /* watermark.png in Resources */,
				451564EE1B666356005A2871 /* Default-portrait@3x~iphone6+.png in Resources */,
				457018EE1B602D1A000A051D /* Icon.png in Resources */,
				451564EA1B666356005A2871 /* Default-Portrait@2x~ipad.png in Resources */,
				454C51D71B5C72FD00D6680A /* lightBg.png in Resources */,
				451564BA1B64027C005A2871 /* UINavigationBarBackIndicatorDefault.png in Resources */,
				451564CF1B65D1B4005A2871 /* insta@2x.png in Resources */,
				451565051B66DA5A005A2871 /* Default-568h@2x.png in Resources */,
				451564F61B666508005A2871 /* Default-Portrait@2x~ipad-nostatusbar.png in Resources */,
				457018EC1B602D1A000A051D /* Icon-Small@2x.png in Resources */,
				451564EF1B666356005A2871 /* Default-Portrait~ipad.png in Resources */,
				45BFFCA41B57022D00B75FB8 /* Images.xcassets in Resources */,
				451564BB1B64027C005A2871 /* UINavigationBarBackIndicatorDefault@2x.png in Resources */,
				457018ED1B602D1A000A051D /* Icon-Small@3x.png in Resources */,
				451564E81B666356005A2871 /* Default-Landscape@2x~ipad.png in Resources */,
				457018E61B602D1A000A051D /* Icon-Small-40.png in Resources */,
				457018F01B602D1A000A051D /* iTunesArtwork@2x.png in Resources */,
				457018E21B602D1A000A051D /* Icon-72.png in Resources */,
				45AF5BCB1B5EC6BF00552889 /* bgNonTrans.png in Resources */,
				457018EB1B602D1A000A051D /* Icon-Small.png in Resources */,
				451564F01B666356005A2871 /* Default-portrait~iphone.png in Resources */,
				457018E91B602D1A000A051D /* Icon-Small-50.png in Resources */,
				451564F81B66653C005A2871 /* Default-Landscape~ipad-nostatusbar.png in Resources */,
				457018E31B602D1A000A051D /* Icon-72@2x.png in Resources */,
				4593848C1B5857D200C6848B /* FBAudienceNetwork.README.txt in Resources */,
				459384921B5857D200C6848B /* README.txt in Resources */,
				451564FA1B666587005A2871 /* Default-Landscape@2x~ipad-nostatusbar.png in Resources */,
				454C51D41B5C692400D6680A /* LobsterTwo-BoldItalic.ttf in Resources */,
				451564CB1B65CC31005A2871 /* instagramLogo.png in Resources */,
				457018EA1B602D1A000A051D /* Icon-Small-50@2x.png in Resources */,
				457018E41B602D1A000A051D /* Icon-76.png in Resources */,
				457018E11B602D1A000A051D /* Icon-60@3x.png in Resources */,
				451564F41B6664BC005A2871 /* Default-Portrait~ipad-nostatusbar.png in Resources */,
				4593848A1B5857D200C6848B /* FacebookSDKStrings.bundle in Resources */,
			);
			runOnlyForDeploymentPostprocessing = 0;
		};
/* End PBXResourcesBuildPhase section */

/* Begin PBXShellScriptBuildPhase section */
		A08146FB2EE6DEC436D29556 /* Copy Pods Resources */ = {
			isa = PBXShellScriptBuildPhase;
			buildActionMask = 2147483647;
			files = (
			);
			inputPaths = (
			);
			name = "Copy Pods Resources";
			outputPaths = (
			);
			runOnlyForDeploymentPostprocessing = 0;
			shellPath = /bin/sh;
			shellScript = "\"${SRCROOT}/Pods/Target Support Files/Pods/Pods-resources.sh\"\n";
			showEnvVarsInLog = 0;
		};
		D9990813BD553B377FBA3C02 /* Check Pods Manifest.lock */ = {
			isa = PBXShellScriptBuildPhase;
			buildActionMask = 2147483647;
			files = (
			);
			inputPaths = (
			);
			name = "Check Pods Manifest.lock";
			outputPaths = (
			);
			runOnlyForDeploymentPostprocessing = 0;
			shellPath = /bin/sh;
			shellScript = "diff \"${PODS_ROOT}/../Podfile.lock\" \"${PODS_ROOT}/Manifest.lock\" > /dev/null\nif [[ $? != 0 ]] ; then\n    cat << EOM\nerror: The sandbox is not in sync with the Podfile.lock. Run 'pod install' or update your CocoaPods installation.\nEOM\n    exit 1\nfi\n";
			showEnvVarsInLog = 0;
		};
/* End PBXShellScriptBuildPhase section */

/* Begin PBXSourcesBuildPhase section */
		45BFFC8F1B57022D00B75FB8 /* Sources */ = {
			isa = PBXSourcesBuildPhase;
			buildActionMask = 2147483647;
			files = (
				45BFFC9F1B57022D00B75FB8 /* HomeViewController.m in Sources */,
				451564C51B64276D005A2871 /* DataStore.m in Sources */,
				45AF5BCE1B5ECAF800552889 /* HowItWorksViewController.m in Sources */,
				45BFFC9C1B57022D00B75FB8 /* AppDelegate.m in Sources */,
				45CCA6D21B593E66005677E5 /* SignUpViewController.m in Sources */,
				45AF5BC91B5EB50E00552889 /* TextFields.m in Sources */,
				45B6B20F1B5D9C97008F5E6D /* TrapSetViewController.m in Sources */,
				45BFFCE91B58222000B75FB8 /* LoginCheckViewController.m in Sources */,
				4570192F1B607B98000A051D /* UpgradeViewController.m in Sources */,
				45BFFC991B57022D00B75FB8 /* main.m in Sources */,
				45BFFCE61B58047400B75FB8 /* LoginViewController.m in Sources */,
				45B6D1231B725A760065BFE4 /* Constants.m in Sources */,
			);
			runOnlyForDeploymentPostprocessing = 0;
		};
/* End PBXSourcesBuildPhase section */

/* Begin PBXVariantGroup section */
		45BFFCA51B57022D00B75FB8 /* LaunchScreen.xib */ = {
			isa = PBXVariantGroup;
			children = (
				45BFFCA61B57022D00B75FB8 /* Base */,
			);
			name = LaunchScreen.xib;
			sourceTree = "<group>";
		};
/* End PBXVariantGroup section */

/* Begin XCBuildConfiguration section */
		45BFFCB41B57022D00B75FB8 /* Debug */ = {
			isa = XCBuildConfiguration;
			buildSettings = {
				ALWAYS_SEARCH_USER_PATHS = NO;
				CLANG_CXX_LANGUAGE_STANDARD = "gnu++0x";
				CLANG_CXX_LIBRARY = "libc++";
				CLANG_ENABLE_MODULES = YES;
				CLANG_ENABLE_OBJC_ARC = YES;
				CLANG_WARN_BOOL_CONVERSION = YES;
				CLANG_WARN_CONSTANT_CONVERSION = YES;
				CLANG_WARN_DIRECT_OBJC_ISA_USAGE = YES_ERROR;
				CLANG_WARN_EMPTY_BODY = YES;
				CLANG_WARN_ENUM_CONVERSION = YES;
				CLANG_WARN_INT_CONVERSION = YES;
				CLANG_WARN_OBJC_ROOT_CLASS = YES_ERROR;
				CLANG_WARN_UNREACHABLE_CODE = YES;
				CLANG_WARN__DUPLICATE_METHOD_MATCH = YES;
				"CODE_SIGN_IDENTITY[sdk=iphoneos*]" = "iPhone Developer";
				COPY_PHASE_STRIP = NO;
				DEBUG_INFORMATION_FORMAT = "dwarf-with-dsym";
				ENABLE_BITCODE = NO;
				ENABLE_STRICT_OBJC_MSGSEND = YES;
				ENABLE_TESTABILITY = YES;
				GCC_C_LANGUAGE_STANDARD = gnu99;
				GCC_DYNAMIC_NO_PIC = NO;
				GCC_NO_COMMON_BLOCKS = YES;
				GCC_OPTIMIZATION_LEVEL = 0;
				GCC_PREPROCESSOR_DEFINITIONS = (
					"DEBUG=1",
					"$(inherited)",
				);
				GCC_SYMBOLS_PRIVATE_EXTERN = NO;
				GCC_WARN_64_TO_32_BIT_CONVERSION = YES;
				GCC_WARN_ABOUT_RETURN_TYPE = YES_ERROR;
				GCC_WARN_UNDECLARED_SELECTOR = YES;
				GCC_WARN_UNINITIALIZED_AUTOS = YES_AGGRESSIVE;
				GCC_WARN_UNUSED_FUNCTION = YES;
				GCC_WARN_UNUSED_VARIABLE = YES;
				IPHONEOS_DEPLOYMENT_TARGET = 7.0;
				MTL_ENABLE_DEBUG_INFO = YES;
				ONLY_ACTIVE_ARCH = YES;
				SDKROOT = iphoneos;
			};
			name = Debug;
		};
		45BFFCB51B57022D00B75FB8 /* Release */ = {
			isa = XCBuildConfiguration;
			buildSettings = {
				ALWAYS_SEARCH_USER_PATHS = NO;
				CLANG_CXX_LANGUAGE_STANDARD = "gnu++0x";
				CLANG_CXX_LIBRARY = "libc++";
				CLANG_ENABLE_MODULES = YES;
				CLANG_ENABLE_OBJC_ARC = YES;
				CLANG_WARN_BOOL_CONVERSION = YES;
				CLANG_WARN_CONSTANT_CONVERSION = YES;
				CLANG_WARN_DIRECT_OBJC_ISA_USAGE = YES_ERROR;
				CLANG_WARN_EMPTY_BODY = YES;
				CLANG_WARN_ENUM_CONVERSION = YES;
				CLANG_WARN_INT_CONVERSION = YES;
				CLANG_WARN_OBJC_ROOT_CLASS = YES_ERROR;
				CLANG_WARN_UNREACHABLE_CODE = YES;
				CLANG_WARN__DUPLICATE_METHOD_MATCH = YES;
				"CODE_SIGN_IDENTITY[sdk=iphoneos*]" = "iPhone Developer";
				COPY_PHASE_STRIP = NO;
				DEBUG_INFORMATION_FORMAT = "dwarf-with-dsym";
				ENABLE_BITCODE = NO;
				ENABLE_NS_ASSERTIONS = NO;
				ENABLE_STRICT_OBJC_MSGSEND = YES;
				GCC_C_LANGUAGE_STANDARD = gnu99;
				GCC_NO_COMMON_BLOCKS = YES;
				GCC_WARN_64_TO_32_BIT_CONVERSION = YES;
				GCC_WARN_ABOUT_RETURN_TYPE = YES_ERROR;
				GCC_WARN_UNDECLARED_SELECTOR = YES;
				GCC_WARN_UNINITIALIZED_AUTOS = YES_AGGRESSIVE;
				GCC_WARN_UNUSED_FUNCTION = YES;
				GCC_WARN_UNUSED_VARIABLE = YES;
				IPHONEOS_DEPLOYMENT_TARGET = 7.0;
				MTL_ENABLE_DEBUG_INFO = NO;
				SDKROOT = iphoneos;
				VALIDATE_PRODUCT = YES;
			};
			name = Release;
		};
		45BFFCB71B57022D00B75FB8 /* Debug */ = {
			isa = XCBuildConfiguration;
			baseConfigurationReference = 7133782305D3B72132CBE0FD /* Pods.debug.xcconfig */;
			buildSettings = {
				ASSETCATALOG_COMPILER_APPICON_NAME = "AppIcon-1";
				ASSETCATALOG_COMPILER_LAUNCHIMAGE_NAME = LaunchImage;
				CODE_SIGN_IDENTITY = "iPhone Developer";
				DEBUG_INFORMATION_FORMAT = dwarf;
				FRAMEWORK_SEARCH_PATHS = (
					"$(inherited)",
					"$(PROJECT_DIR)/Insecurity/parse-library-1.7.5",
					"$(PROJECT_DIR)/Insecurity/FacebookSDK",
					"$(PROJECT_DIR)/Insecurity",
				);
				INFOPLIST_FILE = Insecurity/Info.plist;
				IPHONEOS_DEPLOYMENT_TARGET = 7.0;
				LD_RUNPATH_SEARCH_PATHS = "$(inherited) @executable_path/Frameworks";
				OTHER_LDFLAGS = (
					"$(inherited)",
					"-l\"Pods-MBProgressHUD\"",
					"-framework",
					"\"CoreGraphics\"",
					"-ObjC",
				);
				PRODUCT_BUNDLE_IDENTIFIER = "com.skytopdesigns.$(PRODUCT_NAME:rfc1034identifier)";
				PRODUCT_NAME = "$(TARGET_NAME)";
				TARGETED_DEVICE_FAMILY = "1,2";
			};
			name = Debug;
		};
		45BFFCB81B57022D00B75FB8 /* Release */ = {
			isa = XCBuildConfiguration;
			baseConfigurationReference = 26BCC62189E5CD6A87534BC5 /* Pods.release.xcconfig */;
			buildSettings = {
				ASSETCATALOG_COMPILER_APPICON_NAME = "AppIcon-1";
				ASSETCATALOG_COMPILER_LAUNCHIMAGE_NAME = LaunchImage;
				CODE_SIGN_IDENTITY = "iPhone Developer";
				DEBUG_INFORMATION_FORMAT = dwarf;
				FRAMEWORK_SEARCH_PATHS = (
					"$(inherited)",
					"$(PROJECT_DIR)/Insecurity/parse-library-1.7.5",
					"$(PROJECT_DIR)/Insecurity/FacebookSDK",
					"$(PROJECT_DIR)/Insecurity",
				);
				INFOPLIST_FILE = Insecurity/Info.plist;
				IPHONEOS_DEPLOYMENT_TARGET = 7.0;
				LD_RUNPATH_SEARCH_PATHS = "$(inherited) @executable_path/Frameworks";
				OTHER_LDFLAGS = (
					"$(inherited)",
					"-l\"Pods-MBProgressHUD\"",
					"-framework",
					"\"CoreGraphics\"",
					"-ObjC",
				);
				PRODUCT_BUNDLE_IDENTIFIER = "com.skytopdesigns.$(PRODUCT_NAME:rfc1034identifier)";
				PRODUCT_NAME = "$(TARGET_NAME)";
				TARGETED_DEVICE_FAMILY = "1,2";
			};
			name = Release;
		};
/* End XCBuildConfiguration section */

/* Begin XCConfigurationList section */
		45BFFC8E1B57022D00B75FB8 /* Build configuration list for PBXProject "Insecurity" */ = {
			isa = XCConfigurationList;
			buildConfigurations = (
				45BFFCB41B57022D00B75FB8 /* Debug */,
				45BFFCB51B57022D00B75FB8 /* Release */,
			);
			defaultConfigurationIsVisible = 0;
			defaultConfigurationName = Release;
		};
		45BFFCB61B57022D00B75FB8 /* Build configuration list for PBXNativeTarget "Insecurity" */ = {
			isa = XCConfigurationList;
			buildConfigurations = (
				45BFFCB71B57022D00B75FB8 /* Debug */,
				45BFFCB81B57022D00B75FB8 /* Release */,
			);
			defaultConfigurationIsVisible = 0;
			defaultConfigurationName = Release;
		};
/* End XCConfigurationList section */
	};
	rootObject = 45BFFC8B1B57022D00B75FB8 /* Project object */;
}
